
Microsoft Visual Studio Solution File, Format Version 12.00
# Visual Studio 2013
VisualStudioVersion = 12.0.31101.0
MinimumVisualStudioVersion = 10.0.40219.1
Project("{FAE04EC0-301F-11D3-BF4B-00C04F79EFBC}") = "CX.TempTool", "WindowsFormsApplication1\CX.TempTool.csproj", "{D77F7B2C-8B67-4C66-B6E7-2B9A253632ED}"
EndProject
Project("{FAE04EC0-301F-11D3-BF4B-00C04F79EFBC}") = "CX.ERP", "MyTool\CX.ERP.csproj", "{AA3E7AB6-EF42-4CE0-80AB-207A07B25FF8}"
EndProject
Project("{FAE04EC0-301F-11D3-BF4B-00C04F79EFBC}") = "CX.DB", "MyDB\CX.DB.csproj", "{0DC7E4AF-9CC5-487B-BA9E-030066926B05}"
EndProject
Project("{FAE04EC0-301F-11D3-BF4B-00C04F79EFBC}") = "CX.Entiry", "MyEntiry\CX.Entiry.csproj", "{6A47A29E-BE1E-4205-80EF-9F626050027B}"
EndProject
Project("{FAE04EC0-301F-11D3-BF4B-00C04F79EFBC}") = "CX.EmailValiServer", "EmailReadTool\CX.EmailValiServer.csproj", "{F3E4F589-79C9-4929-9E3B-FDD3DD2E8A1A}"
EndProject
Project("{FAE04EC0-301F-11D3-BF4B-00C04F79EFBC}") = "CX.Common", "Common\CX.Common.csproj", "{748DB1EA-C3DA-4F04-AE0E-A6B50C338F1F}"
EndProject
Project("{2150E333-8FDC-42A3-9474-1A3956D46DE8}") = "Server", "Server", "{AA76034F-8FA8-44B5-B17C-83ADEFF6B225}"
EndProject
Project("{FAE04EC0-301F-11D3-BF4B-00C04F79EFBC}") = "CX.IdentificationServer", "IdentificationTool\CX.IdentificationServer.csproj", "{8C13A438-AABF-49AF-AE5C-97EC37CF2F16}"
EndProject
Project("{2150E333-8FDC-42A3-9474-1A3956D46DE8}") = "Web", "Web", "{51922B6F-FE90-4C33-B827-0BE7EBADAC10}"
EndProject
Project("{FAE04EC0-301F-11D3-BF4B-00C04F79EFBC}") = "CX.WebManager", "ToolWebManager\CX.WebManager.csproj", "{0DF1C56E-D6AA-4417-B392-823287A3C1C7}"
EndProject
Project("{2150E333-8FDC-42A3-9474-1A3956D46DE8}") = "Data", "Data", "{58196152-E018-41A9-9583-D96BA1A41F18}"
EndProject
Project("{2150E333-8FDC-42A3-9474-1A3956D46DE8}") = "Tool", "Tool", "{E956A57A-2EAE-48B6-861C-28575BADDA76}"
EndProject
Project("{2150E333-8FDC-42A3-9474-1A3956D46DE8}") = "Queue", "Queue", "{B5A3064A-365B-459D-A45B-91BAA9696F47}"
EndProject
Project("{FAE04EC0-301F-11D3-BF4B-00C04F79EFBC}") = "CX.BaseServer", "Queue\CaptchaServerCache\CX.BaseServer.csproj", "{FB2BEA8C-AF37-4734-AF91-99027B1496AD}"
EndProject
Project("{FAE04EC0-301F-11D3-BF4B-00C04F79EFBC}") = "CX.BulidDataServer", "BulidTaskServer\CX.BulidDataServer.csproj", "{CF71A1BE-DE6C-426E-955E-D8CD7C35E433}"
EndProject
Project("{FAE04EC0-301F-11D3-BF4B-00C04F79EFBC}") = "CX.BaseServerClient", "Queue\CaptchaServerCacheClient\CX.BaseServerClient.csproj", "{FAD24475-5758-43C4-AA0F-5D392D5E3866}"
EndProject
Project("{2150E333-8FDC-42A3-9474-1A3956D46DE8}") = "Proxy", "Proxy", "{D6329A14-818D-448D-993A-362BFC2DF1BD}"
EndProject
Project("{FAE04EC0-301F-11D3-BF4B-00C04F79EFBC}") = "CX.WebProxy", "MyProxy\CX.WebProxy.csproj", "{A256B49E-1E75-43FF-99D3-D8D5345E4135}"
EndProject
Project("{FAE04EC0-301F-11D3-BF4B-00C04F79EFBC}") = "CX.MobileValidServer", "MobileValidServer\CX.MobileValidServer.csproj", "{366B40FD-D4D3-440D-A296-F63381EC8C7B}"
EndProject
Project("{FAE04EC0-301F-11D3-BF4B-00C04F79EFBC}") = "CX.RegisterServer", "ResourceBulidTool\CX.RegisterServer.csproj", "{04754D95-EB93-4822-BE10-3B60148E50E8}"
EndProject
Project("{2150E333-8FDC-42A3-9474-1A3956D46DE8}") = "生成数据服务", "生成数据服务", "{530839C8-25AA-48BF-AEAB-E9B7F21A9CB5}"
EndProject
Project("{2150E333-8FDC-42A3-9474-1A3956D46DE8}") = "身份证导入服务", "身份证导入服务", "{9CD7B564-BD32-42BF-8226-500D6DAE1C88}"
EndProject
Project("{2150E333-8FDC-42A3-9474-1A3956D46DE8}") = "手机核验服务", "手机核验服务", "{87823DB9-F004-4924-AE84-C534714153FC}"
EndProject
Project("{2150E333-8FDC-42A3-9474-1A3956D46DE8}") = "注册服务", "注册服务", "{037D42EC-F830-4FBD-AAFF-5EB83A8BC0DC}"
EndProject
Project("{2150E333-8FDC-42A3-9474-1A3956D46DE8}") = "邮件核验服务", "邮件核验服务", "{4A0A6CFD-F1D6-49FB-8CBC-BB9134DD44A6}"
EndProject
Project("{2150E333-8FDC-42A3-9474-1A3956D46DE8}") = "Buy", "Buy", "{3C0580DC-66F4-4C41-AF95-91D717627B0A}"
EndProject
Project("{2150E333-8FDC-42A3-9474-1A3956D46DE8}") = "PUB", "PUB", "{973EB4C8-A5FC-4236-A8A7-7969CC1E181F}"
EndProject
Project("{2150E333-8FDC-42A3-9474-1A3956D46DE8}") = "添加联系人服务", "添加联系人服务", "{18C5F524-BF1C-423D-8F1F-627FF3A3A21F}"
EndProject
Project("{FAE04EC0-301F-11D3-BF4B-00C04F79EFBC}") = "AddPassengerServer", "AddPassengerServer\AddPassengerServer.csproj", "{89BF6BDF-CFE5-4364-91D9-2785FA2F1377}"
EndProject
Project("{2150E333-8FDC-42A3-9474-1A3956D46DE8}") = "通过核验在核验服务", "通过核验在核验服务", "{3670D3FD-A30B-45DC-83C9-8BEF87F554DF}"
EndProject
Project("{FAE04EC0-301F-11D3-BF4B-00C04F79EFBC}") = "AnalyseValidServer", "AnalyseValidServer\AnalyseValidServer.csproj", "{0CB4244B-EAB7-480C-BB0D-D163D5634850}"
EndProject
Project("{2150E333-8FDC-42A3-9474-1A3956D46DE8}") = "找回密码服务", "找回密码服务", "{C34BFCB8-DE16-49D8-9739-08892920E8CA}"
EndProject
Project("{FAE04EC0-301F-11D3-BF4B-00C04F79EFBC}") = "CX.ChangePassWord", "CX.FindPassWord\CX.ChangePassWord.csproj", "{DB0A1B8E-B7BC-4942-9B09-F3045EDABF25}"
EndProject
Project("{2150E333-8FDC-42A3-9474-1A3956D46DE8}") = "服务器清理工具", "服务器清理工具", "{C5E42C4B-60E0-4F2B-930E-34E8E9CBD033}"
EndProject
Project("{FAE04EC0-301F-11D3-BF4B-00C04F79EFBC}") = "CX.ServerClear", "CX.ServerClear\CX.ServerClear.csproj", "{F3A866E8-4A5A-4B32-8D7C-2568EA719287}"
EndProject
Project("{FAE04EC0-301F-11D3-BF4B-00C04F79EFBC}") = "CX.Config", "CX.Config\CX.Config.csproj", "{FFA01DB2-AF1A-4DA1-BE45-BBC0FC255AC5}"
EndProject
Project("{2150E333-8FDC-42A3-9474-1A3956D46DE8}") = ".nuget", ".nuget", "{7F2707C6-1602-4DBB-BAE4-E1C929967767}"
	ProjectSection(SolutionItems) = preProject
		.nuget\NuGet.Config = .nuget\NuGet.Config
		.nuget\NuGet.exe = .nuget\NuGet.exe
		.nuget\NuGet.targets = .nuget\NuGet.targets
	EndProjectSection
EndProject
Project("{FAE04EC0-301F-11D3-BF4B-00C04F79EFBC}") = "CX.Read163", "CX.Read163\CX.Read163.csproj", "{F1952EFC-9EAE-4C5A-8451-0F05D4DEA80F}"
EndProject
Project("{FAE04EC0-301F-11D3-BF4B-00C04F79EFBC}") = "CX.GetKuaiZhuan", "CX.GetKuaiZhuan\CX.GetKuaiZhuan.csproj", "{C38F976A-A582-4E5D-8B6F-1462D569F6E4}"
EndProject
Project("{FAE04EC0-301F-11D3-BF4B-00C04F79EFBC}") = "CX.PassengerAnalysis", "CX.PassengerAnalysis\CX.PassengerAnalysis.csproj", "{028FC1FD-1F3B-48B9-9FDE-F5E079B11D3B}"
EndProject
Project("{2150E333-8FDC-42A3-9474-1A3956D46DE8}") = "分析联系人服务", "分析联系人服务", "{688BADE3-F35E-4848-B963-30CE254DCA1B}"
EndProject
Project("{2150E333-8FDC-42A3-9474-1A3956D46DE8}") = "账号注册服务", "账号注册服务", "{AAF8F842-68A0-4AAE-851D-9F3AD6922678}"
EndProject
Global
	GlobalSection(SolutionConfigurationPlatforms) = preSolution
		Debug|Any CPU = Debug|Any CPU
		Debug|Mixed Platforms = Debug|Mixed Platforms
		Debug|x86 = Debug|x86
		Release|Any CPU = Release|Any CPU
		Release|Mixed Platforms = Release|Mixed Platforms
		Release|x86 = Release|x86
	EndGlobalSection
	GlobalSection(ProjectConfigurationPlatforms) = postSolution
		{D77F7B2C-8B67-4C66-B6E7-2B9A253632ED}.Debug|Any CPU.ActiveCfg = Debug|Any CPU
		{D77F7B2C-8B67-4C66-B6E7-2B9A253632ED}.Debug|Any CPU.Build.0 = Debug|Any CPU
		{D77F7B2C-8B67-4C66-B6E7-2B9A253632ED}.Debug|Mixed Platforms.ActiveCfg = Debug|Any CPU
		{D77F7B2C-8B67-4C66-B6E7-2B9A253632ED}.Debug|Mixed Platforms.Build.0 = Debug|Any CPU
		{D77F7B2C-8B67-4C66-B6E7-2B9A253632ED}.Debug|x86.ActiveCfg = Debug|Any CPU
		{D77F7B2C-8B67-4C66-B6E7-2B9A253632ED}.Release|Any CPU.ActiveCfg = Release|Any CPU
		{D77F7B2C-8B67-4C66-B6E7-2B9A253632ED}.Release|Any CPU.Build.0 = Release|Any CPU
		{D77F7B2C-8B67-4C66-B6E7-2B9A253632ED}.Release|Mixed Platforms.ActiveCfg = Release|Any CPU
		{D77F7B2C-8B67-4C66-B6E7-2B9A253632ED}.Release|Mixed Platforms.Build.0 = Release|Any CPU
		{D77F7B2C-8B67-4C66-B6E7-2B9A253632ED}.Release|x86.ActiveCfg = Release|Any CPU
		{AA3E7AB6-EF42-4CE0-80AB-207A07B25FF8}.Debug|Any CPU.ActiveCfg = Debug|Any CPU
		{AA3E7AB6-EF42-4CE0-80AB-207A07B25FF8}.Debug|Any CPU.Build.0 = Debug|Any CPU
		{AA3E7AB6-EF42-4CE0-80AB-207A07B25FF8}.Debug|Mixed Platforms.ActiveCfg = Debug|Any CPU
		{AA3E7AB6-EF42-4CE0-80AB-207A07B25FF8}.Debug|Mixed Platforms.Build.0 = Debug|Any CPU
		{AA3E7AB6-EF42-4CE0-80AB-207A07B25FF8}.Debug|x86.ActiveCfg = Debug|Any CPU
		{AA3E7AB6-EF42-4CE0-80AB-207A07B25FF8}.Release|Any CPU.ActiveCfg = Release|Any CPU
		{AA3E7AB6-EF42-4CE0-80AB-207A07B25FF8}.Release|Any CPU.Build.0 = Release|Any CPU
		{AA3E7AB6-EF42-4CE0-80AB-207A07B25FF8}.Release|Mixed Platforms.ActiveCfg = Release|Any CPU
		{AA3E7AB6-EF42-4CE0-80AB-207A07B25FF8}.Release|Mixed Platforms.Build.0 = Release|Any CPU
		{AA3E7AB6-EF42-4CE0-80AB-207A07B25FF8}.Release|x86.ActiveCfg = Release|Any CPU
		{0DC7E4AF-9CC5-487B-BA9E-030066926B05}.Debug|Any CPU.ActiveCfg = Debug|Any CPU
		{0DC7E4AF-9CC5-487B-BA9E-030066926B05}.Debug|Any CPU.Build.0 = Debug|Any CPU
		{0DC7E4AF-9CC5-487B-BA9E-030066926B05}.Debug|Mixed Platforms.ActiveCfg = Debug|Any CPU
		{0DC7E4AF-9CC5-487B-BA9E-030066926B05}.Debug|Mixed Platforms.Build.0 = Debug|Any CPU
		{0DC7E4AF-9CC5-487B-BA9E-030066926B05}.Debug|x86.ActiveCfg = Debug|Any CPU
		{0DC7E4AF-9CC5-487B-BA9E-030066926B05}.Release|Any CPU.ActiveCfg = Release|Any CPU
		{0DC7E4AF-9CC5-487B-BA9E-030066926B05}.Release|Any CPU.Build.0 = Release|Any CPU
		{0DC7E4AF-9CC5-487B-BA9E-030066926B05}.Release|Mixed Platforms.ActiveCfg = Release|Any CPU
		{0DC7E4AF-9CC5-487B-BA9E-030066926B05}.Release|Mixed Platforms.Build.0 = Release|Any CPU
		{0DC7E4AF-9CC5-487B-BA9E-030066926B05}.Release|x86.ActiveCfg = Release|Any CPU
		{6A47A29E-BE1E-4205-80EF-9F626050027B}.Debug|Any CPU.ActiveCfg = Debug|Any CPU
		{6A47A29E-BE1E-4205-80EF-9F626050027B}.Debug|Any CPU.Build.0 = Debug|Any CPU
		{6A47A29E-BE1E-4205-80EF-9F626050027B}.Debug|Mixed Platforms.ActiveCfg = Debug|Any CPU
		{6A47A29E-BE1E-4205-80EF-9F626050027B}.Debug|Mixed Platforms.Build.0 = Debug|Any CPU
		{6A47A29E-BE1E-4205-80EF-9F626050027B}.Debug|x86.ActiveCfg = Debug|Any CPU
		{6A47A29E-BE1E-4205-80EF-9F626050027B}.Release|Any CPU.ActiveCfg = Release|Any CPU
		{6A47A29E-BE1E-4205-80EF-9F626050027B}.Release|Any CPU.Build.0 = Release|Any CPU
		{6A47A29E-BE1E-4205-80EF-9F626050027B}.Release|Mixed Platforms.ActiveCfg = Release|Any CPU
		{6A47A29E-BE1E-4205-80EF-9F626050027B}.Release|Mixed Platforms.Build.0 = Release|Any CPU
		{6A47A29E-BE1E-4205-80EF-9F626050027B}.Release|x86.ActiveCfg = Release|Any CPU
		{F3E4F589-79C9-4929-9E3B-FDD3DD2E8A1A}.Debug|Any CPU.ActiveCfg = Debug|Any CPU
		{F3E4F589-79C9-4929-9E3B-FDD3DD2E8A1A}.Debug|Any CPU.Build.0 = Debug|Any CPU
		{F3E4F589-79C9-4929-9E3B-FDD3DD2E8A1A}.Debug|Mixed Platforms.ActiveCfg = Debug|Any CPU
		{F3E4F589-79C9-4929-9E3B-FDD3DD2E8A1A}.Debug|Mixed Platforms.Build.0 = Debug|Any CPU
		{F3E4F589-79C9-4929-9E3B-FDD3DD2E8A1A}.Debug|x86.ActiveCfg = Debug|Any CPU
		{F3E4F589-79C9-4929-9E3B-FDD3DD2E8A1A}.Release|Any CPU.ActiveCfg = Release|Any CPU
		{F3E4F589-79C9-4929-9E3B-FDD3DD2E8A1A}.Release|Any CPU.Build.0 = Release|Any CPU
		{F3E4F589-79C9-4929-9E3B-FDD3DD2E8A1A}.Release|Mixed Platforms.ActiveCfg = Release|Any CPU
		{F3E4F589-79C9-4929-9E3B-FDD3DD2E8A1A}.Release|Mixed Platforms.Build.0 = Release|Any CPU
		{F3E4F589-79C9-4929-9E3B-FDD3DD2E8A1A}.Release|x86.ActiveCfg = Release|Any CPU
		{748DB1EA-C3DA-4F04-AE0E-A6B50C338F1F}.Debug|Any CPU.ActiveCfg = Debug|Any CPU
		{748DB1EA-C3DA-4F04-AE0E-A6B50C338F1F}.Debug|Any CPU.Build.0 = Debug|Any CPU
		{748DB1EA-C3DA-4F04-AE0E-A6B50C338F1F}.Debug|Mixed Platforms.ActiveCfg = Debug|Any CPU
		{748DB1EA-C3DA-4F04-AE0E-A6B50C338F1F}.Debug|Mixed Platforms.Build.0 = Debug|Any CPU
		{748DB1EA-C3DA-4F04-AE0E-A6B50C338F1F}.Debug|x86.ActiveCfg = Debug|Any CPU
		{748DB1EA-C3DA-4F04-AE0E-A6B50C338F1F}.Release|Any CPU.ActiveCfg = Release|Any CPU
		{748DB1EA-C3DA-4F04-AE0E-A6B50C338F1F}.Release|Any CPU.Build.0 = Release|Any CPU
		{748DB1EA-C3DA-4F04-AE0E-A6B50C338F1F}.Release|Mixed Platforms.ActiveCfg = Release|Any CPU
		{748DB1EA-C3DA-4F04-AE0E-A6B50C338F1F}.Release|Mixed Platforms.Build.0 = Release|Any CPU
		{748DB1EA-C3DA-4F04-AE0E-A6B50C338F1F}.Release|x86.ActiveCfg = Release|Any CPU
		{8C13A438-AABF-49AF-AE5C-97EC37CF2F16}.Debug|Any CPU.ActiveCfg = Debug|Any CPU
		{8C13A438-AABF-49AF-AE5C-97EC37CF2F16}.Debug|Any CPU.Build.0 = Debug|Any CPU
		{8C13A438-AABF-49AF-AE5C-97EC37CF2F16}.Debug|Mixed Platforms.ActiveCfg = Debug|Any CPU
		{8C13A438-AABF-49AF-AE5C-97EC37CF2F16}.Debug|Mixed Platforms.Build.0 = Debug|Any CPU
		{8C13A438-AABF-49AF-AE5C-97EC37CF2F16}.Debug|x86.ActiveCfg = Debug|Any CPU
		{8C13A438-AABF-49AF-AE5C-97EC37CF2F16}.Release|Any CPU.ActiveCfg = Release|Any CPU
		{8C13A438-AABF-49AF-AE5C-97EC37CF2F16}.Release|Any CPU.Build.0 = Release|Any CPU
		{8C13A438-AABF-49AF-AE5C-97EC37CF2F16}.Release|Mixed Platforms.ActiveCfg = Release|Any CPU
		{8C13A438-AABF-49AF-AE5C-97EC37CF2F16}.Release|Mixed Platforms.Build.0 = Release|Any CPU
		{8C13A438-AABF-49AF-AE5C-97EC37CF2F16}.Release|x86.ActiveCfg = Release|Any CPU
		{0DF1C56E-D6AA-4417-B392-823287A3C1C7}.Debug|Any CPU.ActiveCfg = Debug|Any CPU
		{0DF1C56E-D6AA-4417-B392-823287A3C1C7}.Debug|Any CPU.Build.0 = Debug|Any CPU
		{0DF1C56E-D6AA-4417-B392-823287A3C1C7}.Debug|Mixed Platforms.ActiveCfg = Debug|Any CPU
		{0DF1C56E-D6AA-4417-B392-823287A3C1C7}.Debug|Mixed Platforms.Build.0 = Debug|Any CPU
		{0DF1C56E-D6AA-4417-B392-823287A3C1C7}.Debug|x86.ActiveCfg = Debug|Any CPU
		{0DF1C56E-D6AA-4417-B392-823287A3C1C7}.Release|Any CPU.ActiveCfg = Release|Any CPU
		{0DF1C56E-D6AA-4417-B392-823287A3C1C7}.Release|Any CPU.Build.0 = Release|Any CPU
		{0DF1C56E-D6AA-4417-B392-823287A3C1C7}.Release|Mixed Platforms.ActiveCfg = Release|Any CPU
		{0DF1C56E-D6AA-4417-B392-823287A3C1C7}.Release|Mixed Platforms.Build.0 = Release|Any CPU
		{0DF1C56E-D6AA-4417-B392-823287A3C1C7}.Release|x86.ActiveCfg = Release|Any CPU
		{FB2BEA8C-AF37-4734-AF91-99027B1496AD}.Debug|Any CPU.ActiveCfg = Debug|Any CPU
		{FB2BEA8C-AF37-4734-AF91-99027B1496AD}.Debug|Any CPU.Build.0 = Debug|Any CPU
		{FB2BEA8C-AF37-4734-AF91-99027B1496AD}.Debug|Mixed Platforms.ActiveCfg = Debug|Any CPU
		{FB2BEA8C-AF37-4734-AF91-99027B1496AD}.Debug|Mixed Platforms.Build.0 = Debug|Any CPU
		{FB2BEA8C-AF37-4734-AF91-99027B1496AD}.Debug|x86.ActiveCfg = Debug|Any CPU
		{FB2BEA8C-AF37-4734-AF91-99027B1496AD}.Release|Any CPU.ActiveCfg = Release|Any CPU
		{FB2BEA8C-AF37-4734-AF91-99027B1496AD}.Release|Any CPU.Build.0 = Release|Any CPU
		{FB2BEA8C-AF37-4734-AF91-99027B1496AD}.Release|Mixed Platforms.ActiveCfg = Release|Any CPU
		{FB2BEA8C-AF37-4734-AF91-99027B1496AD}.Release|Mixed Platforms.Build.0 = Release|Any CPU
		{FB2BEA8C-AF37-4734-AF91-99027B1496AD}.Release|x86.ActiveCfg = Release|Any CPU
		{CF71A1BE-DE6C-426E-955E-D8CD7C35E433}.Debug|Any CPU.ActiveCfg = Debug|Any CPU
		{CF71A1BE-DE6C-426E-955E-D8CD7C35E433}.Debug|Any CPU.Build.0 = Debug|Any CPU
		{CF71A1BE-DE6C-426E-955E-D8CD7C35E433}.Debug|Mixed Platforms.ActiveCfg = Debug|Any CPU
		{CF71A1BE-DE6C-426E-955E-D8CD7C35E433}.Debug|Mixed Platforms.Build.0 = Debug|Any CPU
		{CF71A1BE-DE6C-426E-955E-D8CD7C35E433}.Debug|x86.ActiveCfg = Debug|Any CPU
		{CF71A1BE-DE6C-426E-955E-D8CD7C35E433}.Release|Any CPU.ActiveCfg = Release|Any CPU
		{CF71A1BE-DE6C-426E-955E-D8CD7C35E433}.Release|Any CPU.Build.0 = Release|Any CPU
		{CF71A1BE-DE6C-426E-955E-D8CD7C35E433}.Release|Mixed Platforms.ActiveCfg = Release|Any CPU
		{CF71A1BE-DE6C-426E-955E-D8CD7C35E433}.Release|Mixed Platforms.Build.0 = Release|Any CPU
		{CF71A1BE-DE6C-426E-955E-D8CD7C35E433}.Release|x86.ActiveCfg = Release|Any CPU
		{FAD24475-5758-43C4-AA0F-5D392D5E3866}.Debug|Any CPU.ActiveCfg = Debug|Any CPU
		{FAD24475-5758-43C4-AA0F-5D392D5E3866}.Debug|Any CPU.Build.0 = Debug|Any CPU
		{FAD24475-5758-43C4-AA0F-5D392D5E3866}.Debug|Mixed Platforms.ActiveCfg = Debug|Any CPU
		{FAD24475-5758-43C4-AA0F-5D392D5E3866}.Debug|Mixed Platforms.Build.0 = Debug|Any CPU
		{FAD24475-5758-43C4-AA0F-5D392D5E3866}.Debug|x86.ActiveCfg = Debug|Any CPU
		{FAD24475-5758-43C4-AA0F-5D392D5E3866}.Release|Any CPU.ActiveCfg = Release|Any CPU
		{FAD24475-5758-43C4-AA0F-5D392D5E3866}.Release|Any CPU.Build.0 = Release|Any CPU
		{FAD24475-5758-43C4-AA0F-5D392D5E3866}.Release|Mixed Platforms.ActiveCfg = Release|Any CPU
		{FAD24475-5758-43C4-AA0F-5D392D5E3866}.Release|Mixed Platforms.Build.0 = Release|Any CPU
		{FAD24475-5758-43C4-AA0F-5D392D5E3866}.Release|x86.ActiveCfg = Release|Any CPU
		{A256B49E-1E75-43FF-99D3-D8D5345E4135}.Debug|Any CPU.ActiveCfg = Debug|x86
		{A256B49E-1E75-43FF-99D3-D8D5345E4135}.Debug|Mixed Platforms.ActiveCfg = Debug|x86
		{A256B49E-1E75-43FF-99D3-D8D5345E4135}.Debug|Mixed Platforms.Build.0 = Debug|x86
		{A256B49E-1E75-43FF-99D3-D8D5345E4135}.Debug|x86.ActiveCfg = Debug|x86
		{A256B49E-1E75-43FF-99D3-D8D5345E4135}.Debug|x86.Build.0 = Debug|x86
		{A256B49E-1E75-43FF-99D3-D8D5345E4135}.Release|Any CPU.ActiveCfg = Release|x86
		{A256B49E-1E75-43FF-99D3-D8D5345E4135}.Release|Mixed Platforms.ActiveCfg = Release|x86
		{A256B49E-1E75-43FF-99D3-D8D5345E4135}.Release|Mixed Platforms.Build.0 = Release|x86
		{A256B49E-1E75-43FF-99D3-D8D5345E4135}.Release|x86.ActiveCfg = Release|x86
		{A256B49E-1E75-43FF-99D3-D8D5345E4135}.Release|x86.Build.0 = Release|x86
		{366B40FD-D4D3-440D-A296-F63381EC8C7B}.Debug|Any CPU.ActiveCfg = Debug|Any CPU
		{366B40FD-D4D3-440D-A296-F63381EC8C7B}.Debug|Any CPU.Build.0 = Debug|Any CPU
		{366B40FD-D4D3-440D-A296-F63381EC8C7B}.Debug|Mixed Platforms.ActiveCfg = Debug|Any CPU
		{366B40FD-D4D3-440D-A296-F63381EC8C7B}.Debug|Mixed Platforms.Build.0 = Debug|Any CPU
		{366B40FD-D4D3-440D-A296-F63381EC8C7B}.Debug|x86.ActiveCfg = Debug|Any CPU
		{366B40FD-D4D3-440D-A296-F63381EC8C7B}.Release|Any CPU.ActiveCfg = Release|Any CPU
		{366B40FD-D4D3-440D-A296-F63381EC8C7B}.Release|Any CPU.Build.0 = Release|Any CPU
		{366B40FD-D4D3-440D-A296-F63381EC8C7B}.Release|Mixed Platforms.ActiveCfg = Release|Any CPU
		{366B40FD-D4D3-440D-A296-F63381EC8C7B}.Release|Mixed Platforms.Build.0 = Release|Any CPU
		{366B40FD-D4D3-440D-A296-F63381EC8C7B}.Release|x86.ActiveCfg = Release|Any CPU
		{04754D95-EB93-4822-BE10-3B60148E50E8}.Debug|Any CPU.ActiveCfg = Debug|Any CPU
		{04754D95-EB93-4822-BE10-3B60148E50E8}.Debug|Any CPU.Build.0 = Debug|Any CPU
		{04754D95-EB93-4822-BE10-3B60148E50E8}.Debug|Mixed Platforms.ActiveCfg = Debug|Any CPU
		{04754D95-EB93-4822-BE10-3B60148E50E8}.Debug|Mixed Platforms.Build.0 = Debug|Any CPU
		{04754D95-EB93-4822-BE10-3B60148E50E8}.Debug|x86.ActiveCfg = Debug|Any CPU
		{04754D95-EB93-4822-BE10-3B60148E50E8}.Release|Any CPU.ActiveCfg = Release|Any CPU
		{04754D95-EB93-4822-BE10-3B60148E50E8}.Release|Any CPU.Build.0 = Release|Any CPU
		{04754D95-EB93-4822-BE10-3B60148E50E8}.Release|Mixed Platforms.ActiveCfg = Release|Any CPU
		{04754D95-EB93-4822-BE10-3B60148E50E8}.Release|Mixed Platforms.Build.0 = Release|Any CPU
		{04754D95-EB93-4822-BE10-3B60148E50E8}.Release|x86.ActiveCfg = Release|Any CPU
		{89BF6BDF-CFE5-4364-91D9-2785FA2F1377}.Debug|Any CPU.ActiveCfg = Debug|Any CPU
		{89BF6BDF-CFE5-4364-91D9-2785FA2F1377}.Debug|Any CPU.Build.0 = Debug|Any CPU
		{89BF6BDF-CFE5-4364-91D9-2785FA2F1377}.Debug|Mixed Platforms.ActiveCfg = Debug|Any CPU
		{89BF6BDF-CFE5-4364-91D9-2785FA2F1377}.Debug|Mixed Platforms.Build.0 = Debug|Any CPU
		{89BF6BDF-CFE5-4364-91D9-2785FA2F1377}.Debug|x86.ActiveCfg = Debug|Any CPU
		{89BF6BDF-CFE5-4364-91D9-2785FA2F1377}.Release|Any CPU.ActiveCfg = Release|Any CPU
		{89BF6BDF-CFE5-4364-91D9-2785FA2F1377}.Release|Any CPU.Build.0 = Release|Any CPU
		{89BF6BDF-CFE5-4364-91D9-2785FA2F1377}.Release|Mixed Platforms.ActiveCfg = Release|Any CPU
		{89BF6BDF-CFE5-4364-91D9-2785FA2F1377}.Release|Mixed Platforms.Build.0 = Release|Any CPU
		{89BF6BDF-CFE5-4364-91D9-2785FA2F1377}.Release|x86.ActiveCfg = Release|Any CPU
		{0CB4244B-EAB7-480C-BB0D-D163D5634850}.Debug|Any CPU.ActiveCfg = Debug|Any CPU
		{0CB4244B-EAB7-480C-BB0D-D163D5634850}.Debug|Any CPU.Build.0 = Debug|Any CPU
		{0CB4244B-EAB7-480C-BB0D-D163D5634850}.Debug|Mixed Platforms.ActiveCfg = Debug|Any CPU
		{0CB4244B-EAB7-480C-BB0D-D163D5634850}.Debug|Mixed Platforms.Build.0 = Debug|Any CPU
		{0CB4244B-EAB7-480C-BB0D-D163D5634850}.Debug|x86.ActiveCfg = Debug|Any CPU
		{0CB4244B-EAB7-480C-BB0D-D163D5634850}.Release|Any CPU.ActiveCfg = Release|Any CPU
		{0CB4244B-EAB7-480C-BB0D-D163D5634850}.Release|Any CPU.Build.0 = Release|Any CPU
		{0CB4244B-EAB7-480C-BB0D-D163D5634850}.Release|Mixed Platforms.ActiveCfg = Release|Any CPU
		{0CB4244B-EAB7-480C-BB0D-D163D5634850}.Release|Mixed Platforms.Build.0 = Release|Any CPU
		{0CB4244B-EAB7-480C-BB0D-D163D5634850}.Release|x86.ActiveCfg = Release|Any CPU
		{DB0A1B8E-B7BC-4942-9B09-F3045EDABF25}.Debug|Any CPU.ActiveCfg = Debug|Any CPU
		{DB0A1B8E-B7BC-4942-9B09-F3045EDABF25}.Debug|Any CPU.Build.0 = Debug|Any CPU
		{DB0A1B8E-B7BC-4942-9B09-F3045EDABF25}.Debug|Mixed Platforms.ActiveCfg = Debug|Any CPU
		{DB0A1B8E-B7BC-4942-9B09-F3045EDABF25}.Debug|Mixed Platforms.Build.0 = Debug|Any CPU
		{DB0A1B8E-B7BC-4942-9B09-F3045EDABF25}.Debug|x86.ActiveCfg = Debug|Any CPU
		{DB0A1B8E-B7BC-4942-9B09-F3045EDABF25}.Release|Any CPU.ActiveCfg = Release|Any CPU
		{DB0A1B8E-B7BC-4942-9B09-F3045EDABF25}.Release|Any CPU.Build.0 = Release|Any CPU
		{DB0A1B8E-B7BC-4942-9B09-F3045EDABF25}.Release|Mixed Platforms.ActiveCfg = Release|Any CPU
		{DB0A1B8E-B7BC-4942-9B09-F3045EDABF25}.Release|Mixed Platforms.Build.0 = Release|Any CPU
		{DB0A1B8E-B7BC-4942-9B09-F3045EDABF25}.Release|x86.ActiveCfg = Release|Any CPU
		{F3A866E8-4A5A-4B32-8D7C-2568EA719287}.Debug|Any CPU.ActiveCfg = Debug|Any CPU
		{F3A866E8-4A5A-4B32-8D7C-2568EA719287}.Debug|Any CPU.Build.0 = Debug|Any CPU
		{F3A866E8-4A5A-4B32-8D7C-2568EA719287}.Debug|Mixed Platforms.ActiveCfg = Debug|Any CPU
		{F3A866E8-4A5A-4B32-8D7C-2568EA719287}.Debug|Mixed Platforms.Build.0 = Debug|Any CPU
		{F3A866E8-4A5A-4B32-8D7C-2568EA719287}.Debug|x86.ActiveCfg = Debug|Any CPU
		{F3A866E8-4A5A-4B32-8D7C-2568EA719287}.Release|Any CPU.ActiveCfg = Release|Any CPU
		{F3A866E8-4A5A-4B32-8D7C-2568EA719287}.Release|Any CPU.Build.0 = Release|Any CPU
		{F3A866E8-4A5A-4B32-8D7C-2568EA719287}.Release|Mixed Platforms.ActiveCfg = Release|Any CPU
		{F3A866E8-4A5A-4B32-8D7C-2568EA719287}.Release|Mixed Platforms.Build.0 = Release|Any CPU
		{F3A866E8-4A5A-4B32-8D7C-2568EA719287}.Release|x86.ActiveCfg = Release|Any CPU
		{FFA01DB2-AF1A-4DA1-BE45-BBC0FC255AC5}.Debug|Any CPU.ActiveCfg = Debug|Any CPU
		{FFA01DB2-AF1A-4DA1-BE45-BBC0FC255AC5}.Debug|Any CPU.Build.0 = Debug|Any CPU
		{FFA01DB2-AF1A-4DA1-BE45-BBC0FC255AC5}.Debug|Mixed Platforms.ActiveCfg = Debug|Any CPU
		{FFA01DB2-AF1A-4DA1-BE45-BBC0FC255AC5}.Debug|Mixed Platforms.Build.0 = Debug|Any CPU
		{FFA01DB2-AF1A-4DA1-BE45-BBC0FC255AC5}.Debug|x86.ActiveCfg = Debug|Any CPU
		{FFA01DB2-AF1A-4DA1-BE45-BBC0FC255AC5}.Release|Any CPU.ActiveCfg = Release|Any CPU
		{FFA01DB2-AF1A-4DA1-BE45-BBC0FC255AC5}.Release|Any CPU.Build.0 = Release|Any CPU
		{FFA01DB2-AF1A-4DA1-BE45-BBC0FC255AC5}.Release|Mixed Platforms.ActiveCfg = Release|Any CPU
		{FFA01DB2-AF1A-4DA1-BE45-BBC0FC255AC5}.Release|Mixed Platforms.Build.0 = Release|Any CPU
		{FFA01DB2-AF1A-4DA1-BE45-BBC0FC255AC5}.Release|x86.ActiveCfg = Release|Any CPU
		{F1952EFC-9EAE-4C5A-8451-0F05D4DEA80F}.Debug|Any CPU.ActiveCfg = Debug|Any CPU
		{F1952EFC-9EAE-4C5A-8451-0F05D4DEA80F}.Debug|Any CPU.Build.0 = Debug|Any CPU
		{F1952EFC-9EAE-4C5A-8451-0F05D4DEA80F}.Debug|Mixed Platforms.ActiveCfg = Debug|Any CPU
		{F1952EFC-9EAE-4C5A-8451-0F05D4DEA80F}.Debug|Mixed Platforms.Build.0 = Debug|Any CPU
		{F1952EFC-9EAE-4C5A-8451-0F05D4DEA80F}.Debug|x86.ActiveCfg = Debug|Any CPU
		{F1952EFC-9EAE-4C5A-8451-0F05D4DEA80F}.Release|Any CPU.ActiveCfg = Release|Any CPU
		{F1952EFC-9EAE-4C5A-8451-0F05D4DEA80F}.Release|Any CPU.Build.0 = Release|Any CPU
		{F1952EFC-9EAE-4C5A-8451-0F05D4DEA80F}.Release|Mixed Platforms.ActiveCfg = Release|Any CPU
		{F1952EFC-9EAE-4C5A-8451-0F05D4DEA80F}.Release|Mixed Platforms.Build.0 = Release|Any CPU
		{F1952EFC-9EAE-4C5A-8451-0F05D4DEA80F}.Release|x86.ActiveCfg = Release|Any CPU
		{C38F976A-A582-4E5D-8B6F-1462D569F6E4}.Debug|Any CPU.ActiveCfg = Debug|Any CPU
		{C38F976A-A582-4E5D-8B6F-1462D569F6E4}.Debug|Any CPU.Build.0 = Debug|Any CPU
		{C38F976A-A582-4E5D-8B6F-1462D569F6E4}.Debug|Mixed Platforms.ActiveCfg = Debug|Any CPU
		{C38F976A-A582-4E5D-8B6F-1462D569F6E4}.Debug|Mixed Platforms.Build.0 = Debug|Any CPU
		{C38F976A-A582-4E5D-8B6F-1462D569F6E4}.Debug|x86.ActiveCfg = Debug|Any CPU
		{C38F976A-A582-4E5D-8B6F-1462D569F6E4}.Release|Any CPU.ActiveCfg = Release|Any CPU
		{C38F976A-A582-4E5D-8B6F-1462D569F6E4}.Release|Any CPU.Build.0 = Release|Any CPU
		{C38F976A-A582-4E5D-8B6F-1462D569F6E4}.Release|Mixed Platforms.ActiveCfg = Release|Any CPU
		{C38F976A-A582-4E5D-8B6F-1462D569F6E4}.Release|Mixed Platforms.Build.0 = Release|Any CPU
		{C38F976A-A582-4E5D-8B6F-1462D569F6E4}.Release|x86.ActiveCfg = Release|Any CPU
		{028FC1FD-1F3B-48B9-9FDE-F5E079B11D3B}.Debug|Any CPU.ActiveCfg = Debug|Any CPU
		{028FC1FD-1F3B-48B9-9FDE-F5E079B11D3B}.Debug|Any CPU.Build.0 = Debug|Any CPU
		{028FC1FD-1F3B-48B9-9FDE-F5E079B11D3B}.Debug|Mixed Platforms.ActiveCfg = Debug|Any CPU
		{028FC1FD-1F3B-48B9-9FDE-F5E079B11D3B}.Debug|Mixed Platforms.Build.0 = Debug|Any CPU
		{028FC1FD-1F3B-48B9-9FDE-F5E079B11D3B}.Debug|x86.ActiveCfg = Debug|Any CPU
		{028FC1FD-1F3B-48B9-9FDE-F5E079B11D3B}.Release|Any CPU.ActiveCfg = Release|Any CPU
		{028FC1FD-1F3B-48B9-9FDE-F5E079B11D3B}.Release|Any CPU.Build.0 = Release|Any CPU
		{028FC1FD-1F3B-48B9-9FDE-F5E079B11D3B}.Release|Mixed Platforms.ActiveCfg = Release|Any CPU
		{028FC1FD-1F3B-48B9-9FDE-F5E079B11D3B}.Release|Mixed Platforms.Build.0 = Release|Any CPU
		{028FC1FD-1F3B-48B9-9FDE-F5E079B11D3B}.Release|x86.ActiveCfg = Release|Any CPU
	EndGlobalSection
	GlobalSection(SolutionProperties) = preSolution
		HideSolutionNode = FALSE
	EndGlobalSection
	GlobalSection(NestedProjects) = preSolution
		{D77F7B2C-8B67-4C66-B6E7-2B9A253632ED} = {E956A57A-2EAE-48B6-861C-28575BADDA76}
		{AA3E7AB6-EF42-4CE0-80AB-207A07B25FF8} = {3C0580DC-66F4-4C41-AF95-91D717627B0A}
		{0DC7E4AF-9CC5-487B-BA9E-030066926B05} = {58196152-E018-41A9-9583-D96BA1A41F18}
		{6A47A29E-BE1E-4205-80EF-9F626050027B} = {58196152-E018-41A9-9583-D96BA1A41F18}
		{F3E4F589-79C9-4929-9E3B-FDD3DD2E8A1A} = {4A0A6CFD-F1D6-49FB-8CBC-BB9134DD44A6}
		{748DB1EA-C3DA-4F04-AE0E-A6B50C338F1F} = {973EB4C8-A5FC-4236-A8A7-7969CC1E181F}
		{8C13A438-AABF-49AF-AE5C-97EC37CF2F16} = {9CD7B564-BD32-42BF-8226-500D6DAE1C88}
		{0DF1C56E-D6AA-4417-B392-823287A3C1C7} = {51922B6F-FE90-4C33-B827-0BE7EBADAC10}
		{B5A3064A-365B-459D-A45B-91BAA9696F47} = {973EB4C8-A5FC-4236-A8A7-7969CC1E181F}
		{FB2BEA8C-AF37-4734-AF91-99027B1496AD} = {B5A3064A-365B-459D-A45B-91BAA9696F47}
		{CF71A1BE-DE6C-426E-955E-D8CD7C35E433} = {530839C8-25AA-48BF-AEAB-E9B7F21A9CB5}
		{FAD24475-5758-43C4-AA0F-5D392D5E3866} = {B5A3064A-365B-459D-A45B-91BAA9696F47}
		{A256B49E-1E75-43FF-99D3-D8D5345E4135} = {D6329A14-818D-448D-993A-362BFC2DF1BD}
		{366B40FD-D4D3-440D-A296-F63381EC8C7B} = {87823DB9-F004-4924-AE84-C534714153FC}
		{04754D95-EB93-4822-BE10-3B60148E50E8} = {AAF8F842-68A0-4AAE-851D-9F3AD6922678}
		{530839C8-25AA-48BF-AEAB-E9B7F21A9CB5} = {AA76034F-8FA8-44B5-B17C-83ADEFF6B225}
		{9CD7B564-BD32-42BF-8226-500D6DAE1C88} = {AA76034F-8FA8-44B5-B17C-83ADEFF6B225}
		{87823DB9-F004-4924-AE84-C534714153FC} = {AA76034F-8FA8-44B5-B17C-83ADEFF6B225}
		{037D42EC-F830-4FBD-AAFF-5EB83A8BC0DC} = {AA76034F-8FA8-44B5-B17C-83ADEFF6B225}
		{4A0A6CFD-F1D6-49FB-8CBC-BB9134DD44A6} = {AA76034F-8FA8-44B5-B17C-83ADEFF6B225}
		{3C0580DC-66F4-4C41-AF95-91D717627B0A} = {E956A57A-2EAE-48B6-861C-28575BADDA76}
		{18C5F524-BF1C-423D-8F1F-627FF3A3A21F} = {AA76034F-8FA8-44B5-B17C-83ADEFF6B225}
		{89BF6BDF-CFE5-4364-91D9-2785FA2F1377} = {18C5F524-BF1C-423D-8F1F-627FF3A3A21F}
		{3670D3FD-A30B-45DC-83C9-8BEF87F554DF} = {AA76034F-8FA8-44B5-B17C-83ADEFF6B225}
		{0CB4244B-EAB7-480C-BB0D-D163D5634850} = {3670D3FD-A30B-45DC-83C9-8BEF87F554DF}
		{C34BFCB8-DE16-49D8-9739-08892920E8CA} = {AA76034F-8FA8-44B5-B17C-83ADEFF6B225}
		{DB0A1B8E-B7BC-4942-9B09-F3045EDABF25} = {C34BFCB8-DE16-49D8-9739-08892920E8CA}
		{C5E42C4B-60E0-4F2B-930E-34E8E9CBD033} = {AA76034F-8FA8-44B5-B17C-83ADEFF6B225}
		{F3A866E8-4A5A-4B32-8D7C-2568EA719287} = {C5E42C4B-60E0-4F2B-930E-34E8E9CBD033}
		{FFA01DB2-AF1A-4DA1-BE45-BBC0FC255AC5} = {973EB4C8-A5FC-4236-A8A7-7969CC1E181F}
		{F1952EFC-9EAE-4C5A-8451-0F05D4DEA80F} = {4A0A6CFD-F1D6-49FB-8CBC-BB9134DD44A6}
		{C38F976A-A582-4E5D-8B6F-1462D569F6E4} = {4A0A6CFD-F1D6-49FB-8CBC-BB9134DD44A6}
		{028FC1FD-1F3B-48B9-9FDE-F5E079B11D3B} = {688BADE3-F35E-4848-B963-30CE254DCA1B}
		{688BADE3-F35E-4848-B963-30CE254DCA1B} = {037D42EC-F830-4FBD-AAFF-5EB83A8BC0DC}
		{AAF8F842-68A0-4AAE-851D-9F3AD6922678} = {037D42EC-F830-4FBD-AAFF-5EB83A8BC0DC}
	EndGlobalSection
EndGlobal
